
Microsoft Visual Studio Solution File, Format Version 12.00
# Visual Studio Version 17
VisualStudioVersion = 17.0.31919.166
MinimumVisualStudioVersion = 10.0.40219.1
Project("{FAE04EC0-301F-11D3-BF4B-00C04F79EFBC}") = "TestRenderingProject", "TestRenderingProject\TestRenderingProject.csproj", "{503E1B3A-F1C0-4DAB-98F5-2198C3EAEB7D}"
EndProject
Global
	GlobalSection(SolutionConfigurationPlatforms) = preSolution
		Debug|Any CPU = Debug|Any CPU
		Release|Any CPU = Release|Any CPU
	EndGlobalSection
	GlobalSection(ProjectConfigurationPlatforms) = postSolution
		{503E1B3A-F1C0-4DAB-98F5-2198C3EAEB7D}.Debug|Any CPU.ActiveCfg = Debug|Any CPU
		{503E1B3A-F1C0-4DAB-98F5-2198C3EAEB7D}.Debug|Any CPU.Build.0 = Debug|Any CPU
		{503E1B3A-F1C0-4DAB-98F5-2198C3EAEB7D}.Release|Any CPU.ActiveCfg = Release|Any CPU
		{503E1B3A-F1C0-4DAB-98F5-2198C3EAEB7D}.Release|Any CPU.Build.0 = Release|Any CPU
	EndGlobalSection
	GlobalSection(SolutionProperties) = preSolution
		HideSolutionNode = FALSE
	EndGlobalSection
	GlobalSection(ExtensibilityGlobals) = postSolution
		SolutionGuid = {DAEF0995-BB3B-4CC6-909A-FBAB1426E648}
	EndGlobalSection
EndGlobal
